
Microsoft Visual Studio Solution File, Format Version 12.00
# Visual Studio 14
VisualStudioVersion = 14.0.24720.0
MinimumVisualStudioVersion = 10.0.40219.1
Project("{2150E333-8FDC-42A3-9474-1A3956D46DE8}") = "Solution Items", "Solution Items", "{0DDFFF87-0C1D-4D09-BC80-5E534B98C2E5}"
	ProjectSection(SolutionItems) = preProject
		GlobalAssemblyInfo.cs = GlobalAssemblyInfo.cs
		LICENSE.txt = LICENSE.txt
	EndProjectSection
EndProject
Project("{FAE04EC0-301F-11D3-BF4B-00C04F79EFBC}") = "Biscuits.Nmea", "Biscuits.Nmea\Biscuits.Nmea.csproj", "{7A544C3A-3D5F-4EAA-86E3-089F993DC07D}"
EndProject
Project("{FAE04EC0-301F-11D3-BF4B-00C04F79EFBC}") = "Biscuits.Flight", "Biscuits.Flight\Biscuits.Flight.csproj", "{A06B40FC-C9B0-4307-A8B2-523F04DC4DFA}"
EndProject
Project("{FAE04EC0-301F-11D3-BF4B-00C04F79EFBC}") = "Biscuits.Core", "Biscuits.Core\Biscuits.Core.csproj", "{51C95FE9-A073-4956-8499-9B32189AC3A9}"
EndProject
Project("{2150E333-8FDC-42A3-9474-1A3956D46DE8}") = "Devices", "Devices", "{333A7D74-90B3-4884-8590-599FB530E2DD}"
EndProject
Project("{FAE04EC0-301F-11D3-BF4B-00C04F79EFBC}") = "Biscuits.Win10IoTDroneApp", "Biscuits.Win10IoTDroneApp\Biscuits.Win10IoTDroneApp.csproj", "{D904B55A-B46C-4EE3-89FF-A5B946CFC480}"
EndProject
Project("{FAE04EC0-301F-11D3-BF4B-00C04F79EFBC}") = "Biscuits.Scheduling.Windows", "Biscuits.Scheduling.Windows\Biscuits.Scheduling.Windows.csproj", "{32056070-721D-41F1-9AE7-668885E90611}"
EndProject
Project("{FAE04EC0-301F-11D3-BF4B-00C04F79EFBC}") = "Biscuits.Devices.L3gd20h.Windows", "Devices\Biscuits.Devices.L3gd20h.Windows\Biscuits.Devices.L3gd20h.Windows.csproj", "{B5355BE6-AB0D-4D93-9C9B-022B9DCF5AC4}"
EndProject
Project("{FAE04EC0-301F-11D3-BF4B-00C04F79EFBC}") = "Biscuits.Devices.Lps25h.Windows", "Devices\Biscuits.Devices.Lps25h.Windows\Biscuits.Devices.Lps25h.Windows.csproj", "{5878735B-11CD-491F-A1FA-6B789F2F361D}"
EndProject
Project("{FAE04EC0-301F-11D3-BF4B-00C04F79EFBC}") = "Biscuits.Devices.Lsm303d.Windows", "Devices\Biscuits.Devices.Lsm303d.Windows\Biscuits.Devices.Lsm303d.Windows.csproj", "{76574473-072F-4A9B-8CAF-A6176B61DD46}"
EndProject
Project("{FAE04EC0-301F-11D3-BF4B-00C04F79EFBC}") = "Biscuits.Devices.Pam7q.Windows", "Devices\Biscuits.Devices.Pam7q.Windows\Biscuits.Devices.Pam7q.Windows.csproj", "{D4E4CD36-A0ED-4AC5-A9C9-7E30DB13FF2F}"
EndProject
Project("{FAE04EC0-301F-11D3-BF4B-00C04F79EFBC}") = "Biscuits.Devices.Pca9685.Windows", "Devices\Biscuits.Devices.Pca9685.Windows\Biscuits.Devices.Pca9685.Windows.csproj", "{1326D66F-E254-47EE-BFB2-2FD823997B3C}"
EndProject
Project("{FAE04EC0-301F-11D3-BF4B-00C04F79EFBC}") = "Biscuits.Devices.Srf02.Windows", "Devices\Biscuits.Devices.Srf02.Windows\Biscuits.Devices.Srf02.Windows.csproj", "{F6E172C7-AEB1-4A17-95FC-2B5328E68B61}"
EndProject
Project("{FAE04EC0-301F-11D3-BF4B-00C04F79EFBC}") = "Biscuits.Devices.Xbox360Controller.Windows", "Devices\Biscuits.Devices.Xbox360Controller.Windows\Biscuits.Devices.Xbox360Controller.Windows.csproj", "{9449C72A-FC9F-4ADB-9297-CB17F4A9FDE5}"
EndProject
Project("{FAE04EC0-301F-11D3-BF4B-00C04F79EFBC}") = "Biscuits.Devices.XeoxProGamepad.Windows", "Devices\Biscuits.Devices.XeoxProGamepad.Windows\Biscuits.Devices.XeoxProGamepad.Windows.csproj", "{765EE16B-61DE-4947-BB20-190D3A018B0E}"
EndProject
Project("{FAE04EC0-301F-11D3-BF4B-00C04F79EFBC}") = "Biscuits.Devices.LogitechF710.Windows", "Devices\Biscuits.Devices.LogitechF710.Windows\Biscuits.Devices.LogitechF710.Windows.csproj", "{9AEC09ED-0AEF-4774-AC54-4A4028DE64D3}"
EndProject
Project("{FAE04EC0-301F-11D3-BF4B-00C04F79EFBC}") = "Biscuits.Flight.Windows", "Biscuits.Flight.Windows\Biscuits.Flight.Windows.csproj", "{6221D12F-7F7D-412B-876C-D34C151EF04C}"
EndProject
Global
	GlobalSection(SolutionConfigurationPlatforms) = preSolution
		Debug|Any CPU = Debug|Any CPU
		Debug|ARM = Debug|ARM
		Debug|x64 = Debug|x64
		Debug|x86 = Debug|x86
		Release|Any CPU = Release|Any CPU
		Release|ARM = Release|ARM
		Release|x64 = Release|x64
		Release|x86 = Release|x86
	EndGlobalSection
	GlobalSection(ProjectConfigurationPlatforms) = postSolution
		{7A544C3A-3D5F-4EAA-86E3-089F993DC07D}.Debug|Any CPU.ActiveCfg = Debug|Any CPU
		{7A544C3A-3D5F-4EAA-86E3-089F993DC07D}.Debug|Any CPU.Build.0 = Debug|Any CPU
		{7A544C3A-3D5F-4EAA-86E3-089F993DC07D}.Debug|ARM.ActiveCfg = Debug|Any CPU
		{7A544C3A-3D5F-4EAA-86E3-089F993DC07D}.Debug|ARM.Build.0 = Debug|Any CPU
		{7A544C3A-3D5F-4EAA-86E3-089F993DC07D}.Debug|x64.ActiveCfg = Debug|Any CPU
		{7A544C3A-3D5F-4EAA-86E3-089F993DC07D}.Debug|x64.Build.0 = Debug|Any CPU
		{7A544C3A-3D5F-4EAA-86E3-089F993DC07D}.Debug|x86.ActiveCfg = Debug|Any CPU
		{7A544C3A-3D5F-4EAA-86E3-089F993DC07D}.Debug|x86.Build.0 = Debug|Any CPU
		{7A544C3A-3D5F-4EAA-86E3-089F993DC07D}.Release|Any CPU.ActiveCfg = Release|Any CPU
		{7A544C3A-3D5F-4EAA-86E3-089F993DC07D}.Release|Any CPU.Build.0 = Release|Any CPU
		{7A544C3A-3D5F-4EAA-86E3-089F993DC07D}.Release|ARM.ActiveCfg = Release|Any CPU
		{7A544C3A-3D5F-4EAA-86E3-089F993DC07D}.Release|ARM.Build.0 = Release|Any CPU
		{7A544C3A-3D5F-4EAA-86E3-089F993DC07D}.Release|x64.ActiveCfg = Release|Any CPU
		{7A544C3A-3D5F-4EAA-86E3-089F993DC07D}.Release|x64.Build.0 = Release|Any CPU
		{7A544C3A-3D5F-4EAA-86E3-089F993DC07D}.Release|x86.ActiveCfg = Release|Any CPU
		{7A544C3A-3D5F-4EAA-86E3-089F993DC07D}.Release|x86.Build.0 = Release|Any CPU
		{A06B40FC-C9B0-4307-A8B2-523F04DC4DFA}.Debug|Any CPU.ActiveCfg = Debug|Any CPU
		{A06B40FC-C9B0-4307-A8B2-523F04DC4DFA}.Debug|Any CPU.Build.0 = Debug|Any CPU
		{A06B40FC-C9B0-4307-A8B2-523F04DC4DFA}.Debug|ARM.ActiveCfg = Debug|Any CPU
		{A06B40FC-C9B0-4307-A8B2-523F04DC4DFA}.Debug|ARM.Build.0 = Debug|Any CPU
		{A06B40FC-C9B0-4307-A8B2-523F04DC4DFA}.Debug|x64.ActiveCfg = Debug|Any CPU
		{A06B40FC-C9B0-4307-A8B2-523F04DC4DFA}.Debug|x64.Build.0 = Debug|Any CPU
		{A06B40FC-C9B0-4307-A8B2-523F04DC4DFA}.Debug|x86.ActiveCfg = Debug|Any CPU
		{A06B40FC-C9B0-4307-A8B2-523F04DC4DFA}.Debug|x86.Build.0 = Debug|Any CPU
		{A06B40FC-C9B0-4307-A8B2-523F04DC4DFA}.Release|Any CPU.ActiveCfg = Release|Any CPU
		{A06B40FC-C9B0-4307-A8B2-523F04DC4DFA}.Release|Any CPU.Build.0 = Release|Any CPU
		{A06B40FC-C9B0-4307-A8B2-523F04DC4DFA}.Release|ARM.ActiveCfg = Release|Any CPU
		{A06B40FC-C9B0-4307-A8B2-523F04DC4DFA}.Release|ARM.Build.0 = Release|Any CPU
		{A06B40FC-C9B0-4307-A8B2-523F04DC4DFA}.Release|x64.ActiveCfg = Release|Any CPU
		{A06B40FC-C9B0-4307-A8B2-523F04DC4DFA}.Release|x64.Build.0 = Release|Any CPU
		{A06B40FC-C9B0-4307-A8B2-523F04DC4DFA}.Release|x86.ActiveCfg = Release|Any CPU
		{A06B40FC-C9B0-4307-A8B2-523F04DC4DFA}.Release|x86.Build.0 = Release|Any CPU
		{51C95FE9-A073-4956-8499-9B32189AC3A9}.Debug|Any CPU.ActiveCfg = Debug|Any CPU
		{51C95FE9-A073-4956-8499-9B32189AC3A9}.Debug|Any CPU.Build.0 = Debug|Any CPU
		{51C95FE9-A073-4956-8499-9B32189AC3A9}.Debug|ARM.ActiveCfg = Debug|Any CPU
		{51C95FE9-A073-4956-8499-9B32189AC3A9}.Debug|ARM.Build.0 = Debug|Any CPU
		{51C95FE9-A073-4956-8499-9B32189AC3A9}.Debug|x64.ActiveCfg = Debug|Any CPU
		{51C95FE9-A073-4956-8499-9B32189AC3A9}.Debug|x64.Build.0 = Debug|Any CPU
		{51C95FE9-A073-4956-8499-9B32189AC3A9}.Debug|x86.ActiveCfg = Debug|Any CPU
		{51C95FE9-A073-4956-8499-9B32189AC3A9}.Debug|x86.Build.0 = Debug|Any CPU
		{51C95FE9-A073-4956-8499-9B32189AC3A9}.Release|Any CPU.ActiveCfg = Release|Any CPU
		{51C95FE9-A073-4956-8499-9B32189AC3A9}.Release|Any CPU.Build.0 = Release|Any CPU
		{51C95FE9-A073-4956-8499-9B32189AC3A9}.Release|ARM.ActiveCfg = Release|Any CPU
		{51C95FE9-A073-4956-8499-9B32189AC3A9}.Release|ARM.Build.0 = Release|Any CPU
		{51C95FE9-A073-4956-8499-9B32189AC3A9}.Release|x64.ActiveCfg = Release|Any CPU
		{51C95FE9-A073-4956-8499-9B32189AC3A9}.Release|x64.Build.0 = Release|Any CPU
		{51C95FE9-A073-4956-8499-9B32189AC3A9}.Release|x86.ActiveCfg = Release|Any CPU
		{51C95FE9-A073-4956-8499-9B32189AC3A9}.Release|x86.Build.0 = Release|Any CPU
		{D904B55A-B46C-4EE3-89FF-A5B946CFC480}.Debug|Any CPU.ActiveCfg = Debug|x86
		{D904B55A-B46C-4EE3-89FF-A5B946CFC480}.Debug|ARM.ActiveCfg = Debug|ARM
		{D904B55A-B46C-4EE3-89FF-A5B946CFC480}.Debug|ARM.Build.0 = Debug|ARM
		{D904B55A-B46C-4EE3-89FF-A5B946CFC480}.Debug|ARM.Deploy.0 = Debug|ARM
		{D904B55A-B46C-4EE3-89FF-A5B946CFC480}.Debug|x64.ActiveCfg = Debug|x64
		{D904B55A-B46C-4EE3-89FF-A5B946CFC480}.Debug|x64.Build.0 = Debug|x64
		{D904B55A-B46C-4EE3-89FF-A5B946CFC480}.Debug|x64.Deploy.0 = Debug|x64
		{D904B55A-B46C-4EE3-89FF-A5B946CFC480}.Debug|x86.ActiveCfg = Debug|x86
		{D904B55A-B46C-4EE3-89FF-A5B946CFC480}.Debug|x86.Build.0 = Debug|x86
		{D904B55A-B46C-4EE3-89FF-A5B946CFC480}.Debug|x86.Deploy.0 = Debug|x86
		{D904B55A-B46C-4EE3-89FF-A5B946CFC480}.Release|Any CPU.ActiveCfg = Release|x86
		{D904B55A-B46C-4EE3-89FF-A5B946CFC480}.Release|ARM.ActiveCfg = Release|ARM
		{D904B55A-B46C-4EE3-89FF-A5B946CFC480}.Release|ARM.Build.0 = Release|ARM
		{D904B55A-B46C-4EE3-89FF-A5B946CFC480}.Release|ARM.Deploy.0 = Release|ARM
		{D904B55A-B46C-4EE3-89FF-A5B946CFC480}.Release|x64.ActiveCfg = Release|x64
		{D904B55A-B46C-4EE3-89FF-A5B946CFC480}.Release|x64.Build.0 = Release|x64
		{D904B55A-B46C-4EE3-89FF-A5B946CFC480}.Release|x64.Deploy.0 = Release|x64
		{D904B55A-B46C-4EE3-89FF-A5B946CFC480}.Release|x86.ActiveCfg = Release|x86
		{D904B55A-B46C-4EE3-89FF-A5B946CFC480}.Release|x86.Build.0 = Release|x86
		{D904B55A-B46C-4EE3-89FF-A5B946CFC480}.Release|x86.Deploy.0 = Release|x86
		{32056070-721D-41F1-9AE7-668885E90611}.Debug|Any CPU.ActiveCfg = Debug|Any CPU
		{32056070-721D-41F1-9AE7-668885E90611}.Debug|Any CPU.Build.0 = Debug|Any CPU
		{32056070-721D-41F1-9AE7-668885E90611}.Debug|ARM.ActiveCfg = Debug|ARM
		{32056070-721D-41F1-9AE7-668885E90611}.Debug|ARM.Build.0 = Debug|ARM
		{32056070-721D-41F1-9AE7-668885E90611}.Debug|x64.ActiveCfg = Debug|x64
		{32056070-721D-41F1-9AE7-668885E90611}.Debug|x64.Build.0 = Debug|x64
		{32056070-721D-41F1-9AE7-668885E90611}.Debug|x86.ActiveCfg = Debug|x86
		{32056070-721D-41F1-9AE7-668885E90611}.Debug|x86.Build.0 = Debug|x86
		{32056070-721D-41F1-9AE7-668885E90611}.Release|Any CPU.ActiveCfg = Release|Any CPU
		{32056070-721D-41F1-9AE7-668885E90611}.Release|Any CPU.Build.0 = Release|Any CPU
		{32056070-721D-41F1-9AE7-668885E90611}.Release|ARM.ActiveCfg = Release|ARM
		{32056070-721D-41F1-9AE7-668885E90611}.Release|ARM.Build.0 = Release|ARM
		{32056070-721D-41F1-9AE7-668885E90611}.Release|x64.ActiveCfg = Release|x64
		{32056070-721D-41F1-9AE7-668885E90611}.Release|x64.Build.0 = Release|x64
		{32056070-721D-41F1-9AE7-668885E90611}.Release|x86.ActiveCfg = Release|x86
		{32056070-721D-41F1-9AE7-668885E90611}.Release|x86.Build.0 = Release|x86
		{B5355BE6-AB0D-4D93-9C9B-022B9DCF5AC4}.Debug|Any CPU.ActiveCfg = Debug|Any CPU
		{B5355BE6-AB0D-4D93-9C9B-022B9DCF5AC4}.Debug|Any CPU.Build.0 = Debug|Any CPU
		{B5355BE6-AB0D-4D93-9C9B-022B9DCF5AC4}.Debug|ARM.ActiveCfg = Debug|ARM
		{B5355BE6-AB0D-4D93-9C9B-022B9DCF5AC4}.Debug|ARM.Build.0 = Debug|ARM
		{B5355BE6-AB0D-4D93-9C9B-022B9DCF5AC4}.Debug|x64.ActiveCfg = Debug|x64
		{B5355BE6-AB0D-4D93-9C9B-022B9DCF5AC4}.Debug|x64.Build.0 = Debug|x64
		{B5355BE6-AB0D-4D93-9C9B-022B9DCF5AC4}.Debug|x86.ActiveCfg = Debug|x86
		{B5355BE6-AB0D-4D93-9C9B-022B9DCF5AC4}.Debug|x86.Build.0 = Debug|x86
		{B5355BE6-AB0D-4D93-9C9B-022B9DCF5AC4}.Release|Any CPU.ActiveCfg = Release|Any CPU
		{B5355BE6-AB0D-4D93-9C9B-022B9DCF5AC4}.Release|Any CPU.Build.0 = Release|Any CPU
		{B5355BE6-AB0D-4D93-9C9B-022B9DCF5AC4}.Release|ARM.ActiveCfg = Release|ARM
		{B5355BE6-AB0D-4D93-9C9B-022B9DCF5AC4}.Release|ARM.Build.0 = Release|ARM
		{B5355BE6-AB0D-4D93-9C9B-022B9DCF5AC4}.Release|x64.ActiveCfg = Release|x64
		{B5355BE6-AB0D-4D93-9C9B-022B9DCF5AC4}.Release|x64.Build.0 = Release|x64
		{B5355BE6-AB0D-4D93-9C9B-022B9DCF5AC4}.Release|x86.ActiveCfg = Release|x86
		{B5355BE6-AB0D-4D93-9C9B-022B9DCF5AC4}.Release|x86.Build.0 = Release|x86
		{5878735B-11CD-491F-A1FA-6B789F2F361D}.Debug|Any CPU.ActiveCfg = Debug|Any CPU
		{5878735B-11CD-491F-A1FA-6B789F2F361D}.Debug|Any CPU.Build.0 = Debug|Any CPU
		{5878735B-11CD-491F-A1FA-6B789F2F361D}.Debug|ARM.ActiveCfg = Debug|ARM
		{5878735B-11CD-491F-A1FA-6B789F2F361D}.Debug|ARM.Build.0 = Debug|ARM
		{5878735B-11CD-491F-A1FA-6B789F2F361D}.Debug|x64.ActiveCfg = Debug|x64
		{5878735B-11CD-491F-A1FA-6B789F2F361D}.Debug|x64.Build.0 = Debug|x64
		{5878735B-11CD-491F-A1FA-6B789F2F361D}.Debug|x86.ActiveCfg = Debug|x86
		{5878735B-11CD-491F-A1FA-6B789F2F361D}.Debug|x86.Build.0 = Debug|x86
		{5878735B-11CD-491F-A1FA-6B789F2F361D}.Release|Any CPU.ActiveCfg = Release|Any CPU
		{5878735B-11CD-491F-A1FA-6B789F2F361D}.Release|Any CPU.Build.0 = Release|Any CPU
		{5878735B-11CD-491F-A1FA-6B789F2F361D}.Release|ARM.ActiveCfg = Release|ARM
		{5878735B-11CD-491F-A1FA-6B789F2F361D}.Release|ARM.Build.0 = Release|ARM
		{5878735B-11CD-491F-A1FA-6B789F2F361D}.Release|x64.ActiveCfg = Release|x64
		{5878735B-11CD-491F-A1FA-6B789F2F361D}.Release|x64.Build.0 = Release|x64
		{5878735B-11CD-491F-A1FA-6B789F2F361D}.Release|x86.ActiveCfg = Release|x86
		{5878735B-11CD-491F-A1FA-6B789F2F361D}.Release|x86.Build.0 = Release|x86
		{76574473-072F-4A9B-8CAF-A6176B61DD46}.Debug|Any CPU.ActiveCfg = Debug|Any CPU
		{76574473-072F-4A9B-8CAF-A6176B61DD46}.Debug|Any CPU.Build.0 = Debug|Any CPU
		{76574473-072F-4A9B-8CAF-A6176B61DD46}.Debug|ARM.ActiveCfg = Debug|ARM
		{76574473-072F-4A9B-8CAF-A6176B61DD46}.Debug|ARM.Build.0 = Debug|ARM
		{76574473-072F-4A9B-8CAF-A6176B61DD46}.Debug|x64.ActiveCfg = Debug|x64
		{76574473-072F-4A9B-8CAF-A6176B61DD46}.Debug|x64.Build.0 = Debug|x64
		{76574473-072F-4A9B-8CAF-A6176B61DD46}.Debug|x86.ActiveCfg = Debug|x86
		{76574473-072F-4A9B-8CAF-A6176B61DD46}.Debug|x86.Build.0 = Debug|x86
		{76574473-072F-4A9B-8CAF-A6176B61DD46}.Release|Any CPU.ActiveCfg = Release|Any CPU
		{76574473-072F-4A9B-8CAF-A6176B61DD46}.Release|Any CPU.Build.0 = Release|Any CPU
		{76574473-072F-4A9B-8CAF-A6176B61DD46}.Release|ARM.ActiveCfg = Release|ARM
		{76574473-072F-4A9B-8CAF-A6176B61DD46}.Release|ARM.Build.0 = Release|ARM
		{76574473-072F-4A9B-8CAF-A6176B61DD46}.Release|x64.ActiveCfg = Release|x64
		{76574473-072F-4A9B-8CAF-A6176B61DD46}.Release|x64.Build.0 = Release|x64
		{76574473-072F-4A9B-8CAF-A6176B61DD46}.Release|x86.ActiveCfg = Release|x86
		{76574473-072F-4A9B-8CAF-A6176B61DD46}.Release|x86.Build.0 = Release|x86
		{D4E4CD36-A0ED-4AC5-A9C9-7E30DB13FF2F}.Debug|Any CPU.ActiveCfg = Debug|Any CPU
		{D4E4CD36-A0ED-4AC5-A9C9-7E30DB13FF2F}.Debug|Any CPU.Build.0 = Debug|Any CPU
		{D4E4CD36-A0ED-4AC5-A9C9-7E30DB13FF2F}.Debug|ARM.ActiveCfg = Debug|ARM
		{D4E4CD36-A0ED-4AC5-A9C9-7E30DB13FF2F}.Debug|ARM.Build.0 = Debug|ARM
		{D4E4CD36-A0ED-4AC5-A9C9-7E30DB13FF2F}.Debug|x64.ActiveCfg = Debug|x64
		{D4E4CD36-A0ED-4AC5-A9C9-7E30DB13FF2F}.Debug|x64.Build.0 = Debug|x64
		{D4E4CD36-A0ED-4AC5-A9C9-7E30DB13FF2F}.Debug|x86.ActiveCfg = Debug|x86
		{D4E4CD36-A0ED-4AC5-A9C9-7E30DB13FF2F}.Debug|x86.Build.0 = Debug|x86
		{D4E4CD36-A0ED-4AC5-A9C9-7E30DB13FF2F}.Release|Any CPU.ActiveCfg = Release|Any CPU
		{D4E4CD36-A0ED-4AC5-A9C9-7E30DB13FF2F}.Release|Any CPU.Build.0 = Release|Any CPU
		{D4E4CD36-A0ED-4AC5-A9C9-7E30DB13FF2F}.Release|ARM.ActiveCfg = Release|ARM
		{D4E4CD36-A0ED-4AC5-A9C9-7E30DB13FF2F}.Release|ARM.Build.0 = Release|ARM
		{D4E4CD36-A0ED-4AC5-A9C9-7E30DB13FF2F}.Release|x64.ActiveCfg = Release|x64
		{D4E4CD36-A0ED-4AC5-A9C9-7E30DB13FF2F}.Release|x64.Build.0 = Release|x64
		{D4E4CD36-A0ED-4AC5-A9C9-7E30DB13FF2F}.Release|x86.ActiveCfg = Release|x86
		{D4E4CD36-A0ED-4AC5-A9C9-7E30DB13FF2F}.Release|x86.Build.0 = Release|x86
		{1326D66F-E254-47EE-BFB2-2FD823997B3C}.Debug|Any CPU.ActiveCfg = Debug|Any CPU
		{1326D66F-E254-47EE-BFB2-2FD823997B3C}.Debug|Any CPU.Build.0 = Debug|Any CPU
		{1326D66F-E254-47EE-BFB2-2FD823997B3C}.Debug|ARM.ActiveCfg = Debug|ARM
		{1326D66F-E254-47EE-BFB2-2FD823997B3C}.Debug|ARM.Build.0 = Debug|ARM
		{1326D66F-E254-47EE-BFB2-2FD823997B3C}.Debug|x64.ActiveCfg = Debug|x64
		{1326D66F-E254-47EE-BFB2-2FD823997B3C}.Debug|x64.Build.0 = Debug|x64
		{1326D66F-E254-47EE-BFB2-2FD823997B3C}.Debug|x86.ActiveCfg = Debug|x86
		{1326D66F-E254-47EE-BFB2-2FD823997B3C}.Debug|x86.Build.0 = Debug|x86
		{1326D66F-E254-47EE-BFB2-2FD823997B3C}.Release|Any CPU.ActiveCfg = Release|Any CPU
		{1326D66F-E254-47EE-BFB2-2FD823997B3C}.Release|Any CPU.Build.0 = Release|Any CPU
		{1326D66F-E254-47EE-BFB2-2FD823997B3C}.Release|ARM.ActiveCfg = Release|ARM
		{1326D66F-E254-47EE-BFB2-2FD823997B3C}.Release|ARM.Build.0 = Release|ARM
		{1326D66F-E254-47EE-BFB2-2FD823997B3C}.Release|x64.ActiveCfg = Release|x64
		{1326D66F-E254-47EE-BFB2-2FD823997B3C}.Release|x64.Build.0 = Release|x64
		{1326D66F-E254-47EE-BFB2-2FD823997B3C}.Release|x86.ActiveCfg = Release|x86
		{1326D66F-E254-47EE-BFB2-2FD823997B3C}.Release|x86.Build.0 = Release|x86
		{F6E172C7-AEB1-4A17-95FC-2B5328E68B61}.Debug|Any CPU.ActiveCfg = Debug|Any CPU
		{F6E172C7-AEB1-4A17-95FC-2B5328E68B61}.Debug|Any CPU.Build.0 = Debug|Any CPU
		{F6E172C7-AEB1-4A17-95FC-2B5328E68B61}.Debug|ARM.ActiveCfg = Debug|ARM
		{F6E172C7-AEB1-4A17-95FC-2B5328E68B61}.Debug|ARM.Build.0 = Debug|ARM
		{F6E172C7-AEB1-4A17-95FC-2B5328E68B61}.Debug|x64.ActiveCfg = Debug|x64
		{F6E172C7-AEB1-4A17-95FC-2B5328E68B61}.Debug|x64.Build.0 = Debug|x64
		{F6E172C7-AEB1-4A17-95FC-2B5328E68B61}.Debug|x86.ActiveCfg = Debug|x86
		{F6E172C7-AEB1-4A17-95FC-2B5328E68B61}.Debug|x86.Build.0 = Debug|x86
		{F6E172C7-AEB1-4A17-95FC-2B5328E68B61}.Release|Any CPU.ActiveCfg = Release|Any CPU
		{F6E172C7-AEB1-4A17-95FC-2B5328E68B61}.Release|Any CPU.Build.0 = Release|Any CPU
		{F6E172C7-AEB1-4A17-95FC-2B5328E68B61}.Release|ARM.ActiveCfg = Release|ARM
		{F6E172C7-AEB1-4A17-95FC-2B5328E68B61}.Release|ARM.Build.0 = Release|ARM
		{F6E172C7-AEB1-4A17-95FC-2B5328E68B61}.Release|x64.ActiveCfg = Release|x64
		{F6E172C7-AEB1-4A17-95FC-2B5328E68B61}.Release|x64.Build.0 = Release|x64
		{F6E172C7-AEB1-4A17-95FC-2B5328E68B61}.Release|x86.ActiveCfg = Release|x86
		{F6E172C7-AEB1-4A17-95FC-2B5328E68B61}.Release|x86.Build.0 = Release|x86
		{9449C72A-FC9F-4ADB-9297-CB17F4A9FDE5}.Debug|Any CPU.ActiveCfg = Debug|Any CPU
		{9449C72A-FC9F-4ADB-9297-CB17F4A9FDE5}.Debug|Any CPU.Build.0 = Debug|Any CPU
		{9449C72A-FC9F-4ADB-9297-CB17F4A9FDE5}.Debug|ARM.ActiveCfg = Debug|ARM
		{9449C72A-FC9F-4ADB-9297-CB17F4A9FDE5}.Debug|ARM.Build.0 = Debug|ARM
		{9449C72A-FC9F-4ADB-9297-CB17F4A9FDE5}.Debug|x64.ActiveCfg = Debug|x64
		{9449C72A-FC9F-4ADB-9297-CB17F4A9FDE5}.Debug|x64.Build.0 = Debug|x64
		{9449C72A-FC9F-4ADB-9297-CB17F4A9FDE5}.Debug|x86.ActiveCfg = Debug|x86
		{9449C72A-FC9F-4ADB-9297-CB17F4A9FDE5}.Debug|x86.Build.0 = Debug|x86
		{9449C72A-FC9F-4ADB-9297-CB17F4A9FDE5}.Release|Any CPU.ActiveCfg = Release|Any CPU
		{9449C72A-FC9F-4ADB-9297-CB17F4A9FDE5}.Release|Any CPU.Build.0 = Release|Any CPU
		{9449C72A-FC9F-4ADB-9297-CB17F4A9FDE5}.Release|ARM.ActiveCfg = Release|ARM
		{9449C72A-FC9F-4ADB-9297-CB17F4A9FDE5}.Release|ARM.Build.0 = Release|ARM
		{9449C72A-FC9F-4ADB-9297-CB17F4A9FDE5}.Release|x64.ActiveCfg = Release|x64
		{9449C72A-FC9F-4ADB-9297-CB17F4A9FDE5}.Release|x64.Build.0 = Release|x64
		{9449C72A-FC9F-4ADB-9297-CB17F4A9FDE5}.Release|x86.ActiveCfg = Release|x86
		{9449C72A-FC9F-4ADB-9297-CB17F4A9FDE5}.Release|x86.Build.0 = Release|x86
		{765EE16B-61DE-4947-BB20-190D3A018B0E}.Debug|Any CPU.ActiveCfg = Debug|Any CPU
		{765EE16B-61DE-4947-BB20-190D3A018B0E}.Debug|Any CPU.Build.0 = Debug|Any CPU
		{765EE16B-61DE-4947-BB20-190D3A018B0E}.Debug|ARM.ActiveCfg = Debug|ARM
		{765EE16B-61DE-4947-BB20-190D3A018B0E}.Debug|ARM.Build.0 = Debug|ARM
		{765EE16B-61DE-4947-BB20-190D3A018B0E}.Debug|x64.ActiveCfg = Debug|x64
		{765EE16B-61DE-4947-BB20-190D3A018B0E}.Debug|x64.Build.0 = Debug|x64
		{765EE16B-61DE-4947-BB20-190D3A018B0E}.Debug|x86.ActiveCfg = Debug|x86
		{765EE16B-61DE-4947-BB20-190D3A018B0E}.Debug|x86.Build.0 = Debug|x86
		{765EE16B-61DE-4947-BB20-190D3A018B0E}.Release|Any CPU.ActiveCfg = Release|Any CPU
		{765EE16B-61DE-4947-BB20-190D3A018B0E}.Release|Any CPU.Build.0 = Release|Any CPU
		{765EE16B-61DE-4947-BB20-190D3A018B0E}.Release|ARM.ActiveCfg = Release|ARM
		{765EE16B-61DE-4947-BB20-190D3A018B0E}.Release|ARM.Build.0 = Release|ARM
		{765EE16B-61DE-4947-BB20-190D3A018B0E}.Release|x64.ActiveCfg = Release|x64
		{765EE16B-61DE-4947-BB20-190D3A018B0E}.Release|x64.Build.0 = Release|x64
		{765EE16B-61DE-4947-BB20-190D3A018B0E}.Release|x86.ActiveCfg = Release|x86
		{765EE16B-61DE-4947-BB20-190D3A018B0E}.Release|x86.Build.0 = Release|x86
		{9AEC09ED-0AEF-4774-AC54-4A4028DE64D3}.Debug|Any CPU.ActiveCfg = Debug|Any CPU
		{9AEC09ED-0AEF-4774-AC54-4A4028DE64D3}.Debug|Any CPU.Build.0 = Debug|Any CPU
		{9AEC09ED-0AEF-4774-AC54-4A4028DE64D3}.Debug|ARM.ActiveCfg = Debug|ARM
		{9AEC09ED-0AEF-4774-AC54-4A4028DE64D3}.Debug|ARM.Build.0 = Debug|ARM
		{9AEC09ED-0AEF-4774-AC54-4A4028DE64D3}.Debug|x64.ActiveCfg = Debug|x64
		{9AEC09ED-0AEF-4774-AC54-4A4028DE64D3}.Debug|x64.Build.0 = Debug|x64
		{9AEC09ED-0AEF-4774-AC54-4A4028DE64D3}.Debug|x86.ActiveCfg = Debug|x86
		{9AEC09ED-0AEF-4774-AC54-4A4028DE64D3}.Debug|x86.Build.0 = Debug|x86
		{9AEC09ED-0AEF-4774-AC54-4A4028DE64D3}.Release|Any CPU.ActiveCfg = Release|Any CPU
		{9AEC09ED-0AEF-4774-AC54-4A4028DE64D3}.Release|Any CPU.Build.0 = Release|Any CPU
		{9AEC09ED-0AEF-4774-AC54-4A4028DE64D3}.Release|ARM.ActiveCfg = Release|ARM
		{9AEC09ED-0AEF-4774-AC54-4A4028DE64D3}.Release|ARM.Build.0 = Release|ARM
		{9AEC09ED-0AEF-4774-AC54-4A4028DE64D3}.Release|x64.ActiveCfg = Release|x64
		{9AEC09ED-0AEF-4774-AC54-4A4028DE64D3}.Release|x64.Build.0 = Release|x64
		{9AEC09ED-0AEF-4774-AC54-4A4028DE64D3}.Release|x86.ActiveCfg = Release|x86
		{9AEC09ED-0AEF-4774-AC54-4A4028DE64D3}.Release|x86.Build.0 = Release|x86
		{6221D12F-7F7D-412B-876C-D34C151EF04C}.Debug|Any CPU.ActiveCfg = Debug|Any CPU
		{6221D12F-7F7D-412B-876C-D34C151EF04C}.Debug|Any CPU.Build.0 = Debug|Any CPU
		{6221D12F-7F7D-412B-876C-D34C151EF04C}.Debug|ARM.ActiveCfg = Debug|ARM
		{6221D12F-7F7D-412B-876C-D34C151EF04C}.Debug|ARM.Build.0 = Debug|ARM
		{6221D12F-7F7D-412B-876C-D34C151EF04C}.Debug|x64.ActiveCfg = Debug|x64
		{6221D12F-7F7D-412B-876C-D34C151EF04C}.Debug|x64.Build.0 = Debug|x64
		{6221D12F-7F7D-412B-876C-D34C151EF04C}.Debug|x86.ActiveCfg = Debug|x86
		{6221D12F-7F7D-412B-876C-D34C151EF04C}.Debug|x86.Build.0 = Debug|x86
		{6221D12F-7F7D-412B-876C-D34C151EF04C}.Release|Any CPU.ActiveCfg = Release|Any CPU
		{6221D12F-7F7D-412B-876C-D34C151EF04C}.Release|Any CPU.Build.0 = Release|Any CPU
		{6221D12F-7F7D-412B-876C-D34C151EF04C}.Release|ARM.ActiveCfg = Release|ARM
		{6221D12F-7F7D-412B-876C-D34C151EF04C}.Release|ARM.Build.0 = Release|ARM
		{6221D12F-7F7D-412B-876C-D34C151EF04C}.Release|x64.ActiveCfg = Release|x64
		{6221D12F-7F7D-412B-876C-D34C151EF04C}.Release|x64.Build.0 = Release|x64
		{6221D12F-7F7D-412B-876C-D34C151EF04C}.Release|x86.ActiveCfg = Release|x86
		{6221D12F-7F7D-412B-876C-D34C151EF04C}.Release|x86.Build.0 = Release|x86
	EndGlobalSection
	GlobalSection(SolutionProperties) = preSolution
		HideSolutionNode = FALSE
	EndGlobalSection
	GlobalSection(NestedProjects) = preSolution
		{B5355BE6-AB0D-4D93-9C9B-022B9DCF5AC4} = {333A7D74-90B3-4884-8590-599FB530E2DD}
		{5878735B-11CD-491F-A1FA-6B789F2F361D} = {333A7D74-90B3-4884-8590-599FB530E2DD}
		{76574473-072F-4A9B-8CAF-A6176B61DD46} = {333A7D74-90B3-4884-8590-599FB530E2DD}
		{D4E4CD36-A0ED-4AC5-A9C9-7E30DB13FF2F} = {333A7D74-90B3-4884-8590-599FB530E2DD}
		{1326D66F-E254-47EE-BFB2-2FD823997B3C} = {333A7D74-90B3-4884-8590-599FB530E2DD}
		{F6E172C7-AEB1-4A17-95FC-2B5328E68B61} = {333A7D74-90B3-4884-8590-599FB530E2DD}
		{9449C72A-FC9F-4ADB-9297-CB17F4A9FDE5} = {333A7D74-90B3-4884-8590-599FB530E2DD}
		{765EE16B-61DE-4947-BB20-190D3A018B0E} = {333A7D74-90B3-4884-8590-599FB530E2DD}
		{9AEC09ED-0AEF-4774-AC54-4A4028DE64D3} = {333A7D74-90B3-4884-8590-599FB530E2DD}
	EndGlobalSection
EndGlobal
